// !$*UTF8*$!
{
	archiveVersion = 1;
	classes = {
	};
	objectVersion = 46;
	objects = {

/* Begin PBXBuildFile section */
		8F24187818FC814900B569A4 /* Foundation.framework in Frameworks */ = {isa = PBXBuildFile; fileRef = 8F24187718FC814900B569A4 /* Foundation.framework */; };
		8F24187A18FC814900B569A4 /* CoreGraphics.framework in Frameworks */ = {isa = PBXBuildFile; fileRef = 8F24187918FC814900B569A4 /* CoreGraphics.framework */; };
		8F24187C18FC814900B569A4 /* UIKit.framework in Frameworks */ = {isa = PBXBuildFile; fileRef = 8F24187B18FC814900B569A4 /* UIKit.framework */; };
		8F24188218FC814900B569A4 /* InfoPlist.strings in Resources */ = {isa = PBXBuildFile; fileRef = 8F24188018FC814900B569A4 /* InfoPlist.strings */; };
		8F24188418FC814900B569A4 /* main.m in Sources */ = {isa = PBXBuildFile; fileRef = 8F24188318FC814900B569A4 /* main.m */; };
		8F24188818FC814900B569A4 /* AppDelegate.m in Sources */ = {isa = PBXBuildFile; fileRef = 8F24188718FC814900B569A4 /* AppDelegate.m */; };
		8F24188B18FC814900B569A4 /* Main.storyboard in Resources */ = {isa = PBXBuildFile; fileRef = 8F24188918FC814900B569A4 /* Main.storyboard */; };
		8F24188E18FC814900B569A4 /* ViewController.m in Sources */ = {isa = PBXBuildFile; fileRef = 8F24188D18FC814900B569A4 /* ViewController.m */; };
		8F24189018FC814900B569A4 /* Images.xcassets in Resources */ = {isa = PBXBuildFile; fileRef = 8F24188F18FC814900B569A4 /* Images.xcassets */; };
		8F24189718FC814900B569A4 /* XCTest.framework in Frameworks */ = {isa = PBXBuildFile; fileRef = 8F24189618FC814900B569A4 /* XCTest.framework */; };
		8F24189818FC814900B569A4 /* Foundation.framework in Frameworks */ = {isa = PBXBuildFile; fileRef = 8F24187718FC814900B569A4 /* Foundation.framework */; };
		8F24189918FC814900B569A4 /* UIKit.framework in Frameworks */ = {isa = PBXBuildFile; fileRef = 8F24187B18FC814900B569A4 /* UIKit.framework */; };
		8F2418A118FC814900B569A4 /* InfoPlist.strings in Resources */ = {isa = PBXBuildFile; fileRef = 8F24189F18FC814900B569A4 /* InfoPlist.strings */; };
		8F2418A318FC814900B569A4 /* MayankJainTests.m in Sources */ = {isa = PBXBuildFile; fileRef = 8F2418A218FC814900B569A4 /* MayankJainTests.m */; };
		8F2418AD18FC817700B569A4 /* zerog.jpg in Resources */ = {isa = PBXBuildFile; fileRef = 8F2418AC18FC817700B569A4 /* zerog.jpg */; };
		8F2418B018FC846500B569A4 /* BebasNeue.otf in Resources */ = {isa = PBXBuildFile; fileRef = 8F2418AE18FC829100B569A4 /* BebasNeue.otf */; };
		8F2418B118FC846700B569A4 /* BEBAS___.ttf in Resources */ = {isa = PBXBuildFile; fileRef = 8F2418AF18FC83E600B569A4 /* BEBAS___.ttf */; };
		8F7947CB18FC86DC0091E59D /* EduViewController.xib in Resources */ = {isa = PBXBuildFile; fileRef = 8F7947C918FC86DC0091E59D /* EduViewController.xib */; };
		8F7947CD18FC873C0091E59D /* quad.jpg in Resources */ = {isa = PBXBuildFile; fileRef = 8F7947CC18FC873C0091E59D /* quad.jpg */; };
		8F7947D318FC882B0091E59D /* EduView.m in Sources */ = {isa = PBXBuildFile; fileRef = 8F7947D218FC882B0091E59D /* EduView.m */; };
		8F7947D518FCA3C00091E59D /* ProximaNova-Regular.otf in Resources */ = {isa = PBXBuildFile; fileRef = 8F7947D418FCA28A0091E59D /* ProximaNova-Regular.otf */; };
		8F7947D718FCA46A0091E59D /* chief.png in Resources */ = {isa = PBXBuildFile; fileRef = 8F7947D618FCA46A0091E59D /* chief.png */; };
		8F7947DB18FCA5420091E59D /* tjlogo.png in Resources */ = {isa = PBXBuildFile; fileRef = 8F7947DA18FCA5420091E59D /* tjlogo.png */; };
		8F7947DD18FCA6880091E59D /* humin.png in Resources */ = {isa = PBXBuildFile; fileRef = 8F7947DC18FCA6880091E59D /* humin.png */; };
		8F7947DF18FCA6C60091E59D /* kairos.png in Resources */ = {isa = PBXBuildFile; fileRef = 8F7947DE18FCA6C60091E59D /* kairos.png */; };
		8F7947E118FCA9130091E59D /* alt_underline_white_800.png in Resources */ = {isa = PBXBuildFile; fileRef = 8F7947E018FCA9130091E59D /* alt_underline_white_800.png */; };
/* End PBXBuildFile section */

/* Begin PBXContainerItemProxy section */
		8F24189A18FC814900B569A4 /* PBXContainerItemProxy */ = {
			isa = PBXContainerItemProxy;
			containerPortal = 8F24186C18FC814900B569A4 /* Project object */;
			proxyType = 1;
			remoteGlobalIDString = 8F24187318FC814900B569A4;
			remoteInfo = MayankJain;
		};
/* End PBXContainerItemProxy section */

/* Begin PBXFileReference section */
		8F24187418FC814900B569A4 /* MayankJain.app */ = {isa = PBXFileReference; explicitFileType = wrapper.application; includeInIndex = 0; path = MayankJain.app; sourceTree = BUILT_PRODUCTS_DIR; };
		8F24187718FC814900B569A4 /* Foundation.framework */ = {isa = PBXFileReference; lastKnownFileType = wrapper.framework; name = Foundation.framework; path = System/Library/Frameworks/Foundation.framework; sourceTree = SDKROOT; };
		8F24187918FC814900B569A4 /* CoreGraphics.framework */ = {isa = PBXFileReference; lastKnownFileType = wrapper.framework; name = CoreGraphics.framework; path = System/Library/Frameworks/CoreGraphics.framework; sourceTree = SDKROOT; };
		8F24187B18FC814900B569A4 /* UIKit.framework */ = {isa = PBXFileReference; lastKnownFileType = wrapper.framework; name = UIKit.framework; path = System/Library/Frameworks/UIKit.framework; sourceTree = SDKROOT; };
		8F24187F18FC814900B569A4 /* MayankJain-Info.plist */ = {isa = PBXFileReference; lastKnownFileType = text.plist.xml; path = "MayankJain-Info.plist"; sourceTree = "<group>"; };
		8F24188118FC814900B569A4 /* en */ = {isa = PBXFileReference; lastKnownFileType = text.plist.strings; name = en; path = en.lproj/InfoPlist.strings; sourceTree = "<group>"; };
		8F24188318FC814900B569A4 /* main.m */ = {isa = PBXFileReference; lastKnownFileType = sourcecode.c.objc; path = main.m; sourceTree = "<group>"; };
		8F24188518FC814900B569A4 /* MayankJain-Prefix.pch */ = {isa = PBXFileReference; lastKnownFileType = sourcecode.c.h; path = "MayankJain-Prefix.pch"; sourceTree = "<group>"; };
		8F24188618FC814900B569A4 /* AppDelegate.h */ = {isa = PBXFileReference; lastKnownFileType = sourcecode.c.h; path = AppDelegate.h; sourceTree = "<group>"; };
		8F24188718FC814900B569A4 /* AppDelegate.m */ = {isa = PBXFileReference; lastKnownFileType = sourcecode.c.objc; path = AppDelegate.m; sourceTree = "<group>"; };
		8F24188A18FC814900B569A4 /* Base */ = {isa = PBXFileReference; lastKnownFileType = file.storyboard; name = Base; path = Base.lproj/Main.storyboard; sourceTree = "<group>"; };
		8F24188C18FC814900B569A4 /* ViewController.h */ = {isa = PBXFileReference; lastKnownFileType = sourcecode.c.h; path = ViewController.h; sourceTree = "<group>"; };
		8F24188D18FC814900B569A4 /* ViewController.m */ = {isa = PBXFileReference; lastKnownFileType = sourcecode.c.objc; path = ViewController.m; sourceTree = "<group>"; };
		8F24188F18FC814900B569A4 /* Images.xcassets */ = {isa = PBXFileReference; lastKnownFileType = folder.assetcatalog; path = Images.xcassets; sourceTree = "<group>"; };
		8F24189518FC814900B569A4 /* MayankJainTests.xctest */ = {isa = PBXFileReference; explicitFileType = wrapper.cfbundle; includeInIndex = 0; path = MayankJainTests.xctest; sourceTree = BUILT_PRODUCTS_DIR; };
		8F24189618FC814900B569A4 /* XCTest.framework */ = {isa = PBXFileReference; lastKnownFileType = wrapper.framework; name = XCTest.framework; path = Library/Frameworks/XCTest.framework; sourceTree = DEVELOPER_DIR; };
		8F24189E18FC814900B569A4 /* MayankJainTests-Info.plist */ = {isa = PBXFileReference; lastKnownFileType = text.plist.xml; path = "MayankJainTests-Info.plist"; sourceTree = "<group>"; };
		8F2418A018FC814900B569A4 /* en */ = {isa = PBXFileReference; lastKnownFileType = text.plist.strings; name = en; path = en.lproj/InfoPlist.strings; sourceTree = "<group>"; };
		8F2418A218FC814900B569A4 /* MayankJainTests.m */ = {isa = PBXFileReference; lastKnownFileType = sourcecode.c.objc; path = MayankJainTests.m; sourceTree = "<group>"; };
		8F2418AC18FC817700B569A4 /* zerog.jpg */ = {isa = PBXFileReference; lastKnownFileType = image.jpeg; path = zerog.jpg; sourceTree = "<group>"; };
		8F2418AE18FC829100B569A4 /* BebasNeue.otf */ = {isa = PBXFileReference; lastKnownFileType = file; path = BebasNeue.otf; sourceTree = "<group>"; };
		8F2418AF18FC83E600B569A4 /* BEBAS___.ttf */ = {isa = PBXFileReference; lastKnownFileType = file; path = "BEBAS___.ttf"; sourceTree = "<group>"; };
		8F7947C918FC86DC0091E59D /* EduViewController.xib */ = {isa = PBXFileReference; fileEncoding = 4; lastKnownFileType = file.xib; path = EduViewController.xib; sourceTree = "<group>"; };
		8F7947CC18FC873C0091E59D /* quad.jpg */ = {isa = PBXFileReference; lastKnownFileType = image.jpeg; path = quad.jpg; sourceTree = "<group>"; };
		8F7947D118FC882B0091E59D /* EduView.h */ = {isa = PBXFileReference; fileEncoding = 4; lastKnownFileType = sourcecode.c.h; path = EduView.h; sourceTree = "<group>"; };
		8F7947D218FC882B0091E59D /* EduView.m */ = {isa = PBXFileReference; fileEncoding = 4; lastKnownFileType = sourcecode.c.objc; path = EduView.m; sourceTree = "<group>"; };
		8F7947D418FCA28A0091E59D /* ProximaNova-Regular.otf */ = {isa = PBXFileReference; lastKnownFileType = file; path = "ProximaNova-Regular.otf"; sourceTree = "<group>"; };
		8F7947D618FCA46A0091E59D /* chief.png */ = {isa = PBXFileReference; lastKnownFileType = image.png; path = chief.png; sourceTree = "<group>"; };
		8F7947DA18FCA5420091E59D /* tjlogo.png */ = {isa = PBXFileReference; lastKnownFileType = image.png; path = tjlogo.png; sourceTree = "<group>"; };
		8F7947DC18FCA6880091E59D /* humin.png */ = {isa = PBXFileReference; lastKnownFileType = image.png; path = humin.png; sourceTree = "<group>"; };
		8F7947DE18FCA6C60091E59D /* kairos.png */ = {isa = PBXFileReference; lastKnownFileType = image.png; path = kairos.png; sourceTree = "<group>"; };
		8F7947E018FCA9130091E59D /* alt_underline_white_800.png */ = {isa = PBXFileReference; lastKnownFileType = image.png; path = alt_underline_white_800.png; sourceTree = "<group>"; };
/* End PBXFileReference section */

/* Begin PBXFrameworksBuildPhase section */
		8F24187118FC814900B569A4 /* Frameworks */ = {
			isa = PBXFrameworksBuildPhase;
			buildActionMask = 2147483647;
			files = (
				8F24187A18FC814900B569A4 /* CoreGraphics.framework in Frameworks */,
				8F24187C18FC814900B569A4 /* UIKit.framework in Frameworks */,
				8F24187818FC814900B569A4 /* Foundation.framework in Frameworks */,
			);
			runOnlyForDeploymentPostprocessing = 0;
		};
		8F24189218FC814900B569A4 /* Frameworks */ = {
			isa = PBXFrameworksBuildPhase;
			buildActionMask = 2147483647;
			files = (
				8F24189718FC814900B569A4 /* XCTest.framework in Frameworks */,
				8F24189918FC814900B569A4 /* UIKit.framework in Frameworks */,
				8F24189818FC814900B569A4 /* Foundation.framework in Frameworks */,
			);
			runOnlyForDeploymentPostprocessing = 0;
		};
/* End PBXFrameworksBuildPhase section */

/* Begin PBXGroup section */
		8F24186B18FC814900B569A4 = {
			isa = PBXGroup;
			children = (
				8F24187D18FC814900B569A4 /* MayankJain */,
				8F24189C18FC814900B569A4 /* MayankJainTests */,
				8F24187618FC814900B569A4 /* Frameworks */,
				8F24187518FC814900B569A4 /* Products */,
			);
			sourceTree = "<group>";
		};
		8F24187518FC814900B569A4 /* Products */ = {
			isa = PBXGroup;
			children = (
				8F24187418FC814900B569A4 /* MayankJain.app */,
				8F24189518FC814900B569A4 /* MayankJainTests.xctest */,
			);
			name = Products;
			sourceTree = "<group>";
		};
		8F24187618FC814900B569A4 /* Frameworks */ = {
			isa = PBXGroup;
			children = (
				8F24187718FC814900B569A4 /* Foundation.framework */,
				8F24187918FC814900B569A4 /* CoreGraphics.framework */,
				8F24187B18FC814900B569A4 /* UIKit.framework */,
				8F24189618FC814900B569A4 /* XCTest.framework */,
			);
			name = Frameworks;
			sourceTree = "<group>";
		};
		8F24187D18FC814900B569A4 /* MayankJain */ = {
			isa = PBXGroup;
			children = (
				8F7947D118FC882B0091E59D /* EduView.h */,
				8F7947D218FC882B0091E59D /* EduView.m */,
				8F7947E018FCA9130091E59D /* alt_underline_white_800.png */,
				8F7947D618FCA46A0091E59D /* chief.png */,
				8F7947DA18FCA5420091E59D /* tjlogo.png */,
				8F7947DC18FCA6880091E59D /* humin.png */,
				8F7947DE18FCA6C60091E59D /* kairos.png */,
				8F7947D418FCA28A0091E59D /* ProximaNova-Regular.otf */,
				8F2418AE18FC829100B569A4 /* BebasNeue.otf */,
				8F2418AF18FC83E600B569A4 /* BEBAS___.ttf */,
				8F7947CC18FC873C0091E59D /* quad.jpg */,
				8F24188618FC814900B569A4 /* AppDelegate.h */,
				8F2418AC18FC817700B569A4 /* zerog.jpg */,
				8F24188718FC814900B569A4 /* AppDelegate.m */,
				8F24188918FC814900B569A4 /* Main.storyboard */,
				8F7947C918FC86DC0091E59D /* EduViewController.xib */,
				8F24188C18FC814900B569A4 /* ViewController.h */,
				8F24188D18FC814900B569A4 /* ViewController.m */,
				8F24188F18FC814900B569A4 /* Images.xcassets */,
				8F24187E18FC814900B569A4 /* Supporting Files */,
			);
			path = MayankJain;
			sourceTree = "<group>";
		};
		8F24187E18FC814900B569A4 /* Supporting Files */ = {
			isa = PBXGroup;
			children = (
				8F24187F18FC814900B569A4 /* MayankJain-Info.plist */,
				8F24188018FC814900B569A4 /* InfoPlist.strings */,
				8F24188318FC814900B569A4 /* main.m */,
				8F24188518FC814900B569A4 /* MayankJain-Prefix.pch */,
			);
			name = "Supporting Files";
			sourceTree = "<group>";
		};
		8F24189C18FC814900B569A4 /* MayankJainTests */ = {
			isa = PBXGroup;
			children = (
				8F2418A218FC814900B569A4 /* MayankJainTests.m */,
				8F24189D18FC814900B569A4 /* Supporting Files */,
			);
			path = MayankJainTests;
			sourceTree = "<group>";
		};
		8F24189D18FC814900B569A4 /* Supporting Files */ = {
			isa = PBXGroup;
			children = (
				8F24189E18FC814900B569A4 /* MayankJainTests-Info.plist */,
				8F24189F18FC814900B569A4 /* InfoPlist.strings */,
			);
			name = "Supporting Files";
			sourceTree = "<group>";
		};
/* End PBXGroup section */

/* Begin PBXNativeTarget section */
		8F24187318FC814900B569A4 /* MayankJain */ = {
			isa = PBXNativeTarget;
			buildConfigurationList = 8F2418A618FC814900B569A4 /* Build configuration list for PBXNativeTarget "MayankJain" */;
			buildPhases = (
				8F24187018FC814900B569A4 /* Sources */,
				8F24187118FC814900B569A4 /* Frameworks */,
				8F24187218FC814900B569A4 /* Resources */,
			);
			buildRules = (
			);
			dependencies = (
			);
			name = MayankJain;
			productName = MayankJain;
			productReference = 8F24187418FC814900B569A4 /* MayankJain.app */;
			productType = "com.apple.product-type.application";
		};
		8F24189418FC814900B569A4 /* MayankJainTests */ = {
			isa = PBXNativeTarget;
			buildConfigurationList = 8F2418A918FC814900B569A4 /* Build configuration list for PBXNativeTarget "MayankJainTests" */;
			buildPhases = (
				8F24189118FC814900B569A4 /* Sources */,
				8F24189218FC814900B569A4 /* Frameworks */,
				8F24189318FC814900B569A4 /* Resources */,
			);
			buildRules = (
			);
			dependencies = (
				8F24189B18FC814900B569A4 /* PBXTargetDependency */,
			);
			name = MayankJainTests;
			productName = MayankJainTests;
			productReference = 8F24189518FC814900B569A4 /* MayankJainTests.xctest */;
			productType = "com.apple.product-type.bundle.unit-test";
		};
/* End PBXNativeTarget section */

/* Begin PBXProject section */
		8F24186C18FC814900B569A4 /* Project object */ = {
			isa = PBXProject;
			attributes = {
				LastUpgradeCheck = 0510;
				ORGANIZATIONNAME = "Mayank Jain";
				TargetAttributes = {
					8F24189418FC814900B569A4 = {
						TestTargetID = 8F24187318FC814900B569A4;
					};
				};
			};
			buildConfigurationList = 8F24186F18FC814900B569A4 /* Build configuration list for PBXProject "MayankJain" */;
			compatibilityVersion = "Xcode 3.2";
			developmentRegion = English;
			hasScannedForEncodings = 0;
			knownRegions = (
				en,
				Base,
			);
			mainGroup = 8F24186B18FC814900B569A4;
			productRefGroup = 8F24187518FC814900B569A4 /* Products */;
			projectDirPath = "";
			projectRoot = "";
			targets = (
				8F24187318FC814900B569A4 /* MayankJain */,
				8F24189418FC814900B569A4 /* MayankJainTests */,
			);
		};
/* End PBXProject section */

/* Begin PBXResourcesBuildPhase section */
		8F24187218FC814900B569A4 /* Resources */ = {
			isa = PBXResourcesBuildPhase;
			buildActionMask = 2147483647;
			files = (
				8F24189018FC814900B569A4 /* Images.xcassets in Resources */,
				8F7947DD18FCA6880091E59D /* humin.png in Resources */,
				8F7947D718FCA46A0091E59D /* chief.png in Resources */,
				8F24188218FC814900B569A4 /* InfoPlist.strings in Resources */,
				8F7947D518FCA3C00091E59D /* ProximaNova-Regular.otf in Resources */,
				8F7947E118FCA9130091E59D /* alt_underline_white_800.png in Resources */,
				8F7947CD18FC873C0091E59D /* quad.jpg in Resources */,
				8F24188B18FC814900B569A4 /* Main.storyboard in Resources */,
				8F7947CB18FC86DC0091E59D /* EduViewController.xib in Resources */,
				8F2418B018FC846500B569A4 /* BebasNeue.otf in Resources */,
				8F7947DF18FCA6C60091E59D /* kairos.png in Resources */,
				8F2418B118FC846700B569A4 /* BEBAS___.ttf in Resources */,
				8F2418AD18FC817700B569A4 /* zerog.jpg in Resources */,
				8F7947DB18FCA5420091E59D /* tjlogo.png in Resources */,
			);
			runOnlyForDeploymentPostprocessing = 0;
		};
		8F24189318FC814900B569A4 /* Resources */ = {
			isa = PBXResourcesBuildPhase;
			buildActionMask = 2147483647;
			files = (
				8F2418A118FC814900B569A4 /* InfoPlist.strings in Resources */,
			);
			runOnlyForDeploymentPostprocessing = 0;
		};
/* End PBXResourcesBuildPhase section */

/* Begin PBXSourcesBuildPhase section */
		8F24187018FC814900B569A4 /* Sources */ = {
			isa = PBXSourcesBuildPhase;
			buildActionMask = 2147483647;
			files = (
				8F24188E18FC814900B569A4 /* ViewController.m in Sources */,
				8F7947D318FC882B0091E59D /* EduView.m in Sources */,
				8F24188818FC814900B569A4 /* AppDelegate.m in Sources */,
				8F24188418FC814900B569A4 /* main.m in Sources */,
			);
			runOnlyForDeploymentPostprocessing = 0;
		};
		8F24189118FC814900B569A4 /* Sources */ = {
			isa = PBXSourcesBuildPhase;
			buildActionMask = 2147483647;
			files = (
				8F2418A318FC814900B569A4 /* MayankJainTests.m in Sources */,
			);
			runOnlyForDeploymentPostprocessing = 0;
		};
/* End PBXSourcesBuildPhase section */

/* Begin PBXTargetDependency section */
		8F24189B18FC814900B569A4 /* PBXTargetDependency */ = {
			isa = PBXTargetDependency;
			target = 8F24187318FC814900B569A4 /* MayankJain */;
			targetProxy = 8F24189A18FC814900B569A4 /* PBXContainerItemProxy */;
		};
/* End PBXTargetDependency section */

/* Begin PBXVariantGroup section */
		8F24188018FC814900B569A4 /* InfoPlist.strings */ = {
			isa = PBXVariantGroup;
			children = (
				8F24188118FC814900B569A4 /* en */,
			);
			name = InfoPlist.strings;
			sourceTree = "<group>";
		};
		8F24188918FC814900B569A4 /* Main.storyboard */ = {
			isa = PBXVariantGroup;
			children = (
				8F24188A18FC814900B569A4 /* Base */,
			);
			name = Main.storyboard;
			sourceTree = "<group>";
		};
		8F24189F18FC814900B569A4 /* InfoPlist.strings */ = {
			isa = PBXVariantGroup;
			children = (
				8F2418A018FC814900B569A4 /* en */,
			);
			name = InfoPlist.strings;
			sourceTree = "<group>";
		};
/* End PBXVariantGroup section */

/* Begin XCBuildConfiguration section */
		8F2418A418FC814900B569A4 /* Debug */ = {
			isa = XCBuildConfiguration;
			buildSettings = {
				ALWAYS_SEARCH_USER_PATHS = NO;
				CLANG_CXX_LANGUAGE_STANDARD = "gnu++0x";
				CLANG_CXX_LIBRARY = "libc++";
				CLANG_ENABLE_MODULES = YES;
				CLANG_ENABLE_OBJC_ARC = YES;
				CLANG_WARN_BOOL_CONVERSION = YES;
				CLANG_WARN_CONSTANT_CONVERSION = YES;
				CLANG_WARN_DIRECT_OBJC_ISA_USAGE = YES_ERROR;
				CLANG_WARN_EMPTY_BODY = YES;
				CLANG_WARN_ENUM_CONVERSION = YES;
				CLANG_WARN_INT_CONVERSION = YES;
				CLANG_WARN_OBJC_ROOT_CLASS = YES_ERROR;
				CLANG_WARN__DUPLICATE_METHOD_MATCH = YES;
				"CODE_SIGN_IDENTITY[sdk=iphoneos*]" = "iPhone Developer";
				COPY_PHASE_STRIP = NO;
				GCC_C_LANGUAGE_STANDARD = gnu99;
				GCC_DYNAMIC_NO_PIC = NO;
				GCC_OPTIMIZATION_LEVEL = 0;
				GCC_PREPROCESSOR_DEFINITIONS = (
					"DEBUG=1",
					"$(inherited)",
				);
				GCC_SYMBOLS_PRIVATE_EXTERN = NO;
				GCC_WARN_64_TO_32_BIT_CONVERSION = YES;
				GCC_WARN_ABOUT_RETURN_TYPE = YES_ERROR;
				GCC_WARN_UNDECLARED_SELECTOR = YES;
				GCC_WARN_UNINITIALIZED_AUTOS = YES_AGGRESSIVE;
				GCC_WARN_UNUSED_FUNCTION = YES;
				GCC_WARN_UNUSED_VARIABLE = YES;
				IPHONEOS_DEPLOYMENT_TARGET = 7.1;
				ONLY_ACTIVE_ARCH = YES;
				SDKROOT = iphoneos;
			};
			name = Debug;
		};
		8F2418A518FC814900B569A4 /* Release */ = {
			isa = XCBuildConfiguration;
			buildSettings = {
				ALWAYS_SEARCH_USER_PATHS = NO;
				CLANG_CXX_LANGUAGE_STANDARD = "gnu++0x";
				CLANG_CXX_LIBRARY = "libc++";
				CLANG_ENABLE_MODULES = YES;
				CLANG_ENABLE_OBJC_ARC = YES;
				CLANG_WARN_BOOL_CONVERSION = YES;
				CLANG_WARN_CONSTANT_CONVERSION = YES;
				CLANG_WARN_DIRECT_OBJC_ISA_USAGE = YES_ERROR;
				CLANG_WARN_EMPTY_BODY = YES;
				CLANG_WARN_ENUM_CONVERSION = YES;
				CLANG_WARN_INT_CONVERSION = YES;
				CLANG_WARN_OBJC_ROOT_CLASS = YES_ERROR;
				CLANG_WARN__DUPLICATE_METHOD_MATCH = YES;
				"CODE_SIGN_IDENTITY[sdk=iphoneos*]" = "iPhone Developer";
				COPY_PHASE_STRIP = YES;
				ENABLE_NS_ASSERTIONS = NO;
				GCC_C_LANGUAGE_STANDARD = gnu99;
				GCC_WARN_64_TO_32_BIT_CONVERSION = YES;
				GCC_WARN_ABOUT_RETURN_TYPE = YES_ERROR;
				GCC_WARN_UNDECLARED_SELECTOR = YES;
				GCC_WARN_UNINITIALIZED_AUTOS = YES_AGGRESSIVE;
				GCC_WARN_UNUSED_FUNCTION = YES;
				GCC_WARN_UNUSED_VARIABLE = YES;
				IPHONEOS_DEPLOYMENT_TARGET = 7.1;
				SDKROOT = iphoneos;
				VALIDATE_PRODUCT = YES;
			};
			name = Release;
		};
		8F2418A718FC814900B569A4 /* Debug */ = {
			isa = XCBuildConfiguration;
			buildSettings = {
				ASSETCATALOG_COMPILER_APPICON_NAME = AppIcon;
				ASSETCATALOG_COMPILER_LAUNCHIMAGE_NAME = LaunchImage;
				GCC_PRECOMPILE_PREFIX_HEADER = YES;
				GCC_PREFIX_HEADER = "MayankJain/MayankJain-Prefix.pch";
				INFOPLIST_FILE = "MayankJain/MayankJain-Info.plist";
				PRODUCT_NAME = "$(TARGET_NAME)";
				WRAPPER_EXTENSION = app;
			};
			name = Debug;
		};
		8F2418A818FC814900B569A4 /* Release */ = {
			isa = XCBuildConfiguration;
			buildSettings = {
				ASSETCATALOG_COMPILER_APPICON_NAME = AppIcon;
				ASSETCATALOG_COMPILER_LAUNCHIMAGE_NAME = LaunchImage;
				GCC_PRECOMPILE_PREFIX_HEADER = YES;
				GCC_PREFIX_HEADER = "MayankJain/MayankJain-Prefix.pch";
				INFOPLIST_FILE = "MayankJain/MayankJain-Info.plist";
				PRODUCT_NAME = "$(TARGET_NAME)";
				WRAPPER_EXTENSION = app;
			};
			name = Release;
		};
		8F2418AA18FC814900B569A4 /* Debug */ = {
			isa = XCBuildConfiguration;
			buildSettings = {
				BUNDLE_LOADER = "$(BUILT_PRODUCTS_DIR)/MayankJain.app/MayankJain";
				FRAMEWORK_SEARCH_PATHS = (
					"$(SDKROOT)/Developer/Library/Frameworks",
					"$(inherited)",
					"$(DEVELOPER_FRAMEWORKS_DIR)",
				);
				GCC_PRECOMPILE_PREFIX_HEADER = YES;
				GCC_PREFIX_HEADER = "MayankJain/MayankJain-Prefix.pch";
				GCC_PREPROCESSOR_DEFINITIONS = (
					"DEBUG=1",
					"$(inherited)",
				);
				INFOPLIST_FILE = "MayankJainTests/MayankJainTests-Info.plist";
				PRODUCT_NAME = "$(TARGET_NAME)";
				TEST_HOST = "$(BUNDLE_LOADER)";
				WRAPPER_EXTENSION = xctest;
			};
			name = Debug;
		};
		8F2418AB18FC814900B569A4 /* Release */ = {
			isa = XCBuildConfiguration;
			buildSettings = {
				BUNDLE_LOADER = "$(BUILT_PRODUCTS_DIR)/MayankJain.app/MayankJain";
				FRAMEWORK_SEARCH_PATHS = (
					"$(SDKROOT)/Developer/Library/Frameworks",
					"$(inherited)",
					"$(DEVELOPER_FRAMEWORKS_DIR)",
				);
				GCC_PRECOMPILE_PREFIX_HEADER = YES;
				GCC_PREFIX_HEADER = "MayankJain/MayankJain-Prefix.pch";
				INFOPLIST_FILE = "MayankJainTests/MayankJainTests-Info.plist";
				PRODUCT_NAME = "$(TARGET_NAME)";
				TEST_HOST = "$(BUNDLE_LOADER)";
				WRAPPER_EXTENSION = xctest;
			};
			name = Release;
		};
/* End XCBuildConfiguration section */

/* Begin XCConfigurationList section */
		8F24186F18FC814900B569A4 /* Build configuration list for PBXProject "MayankJain" */ = {
			isa = XCConfigurationList;
			buildConfigurations = (
				8F2418A418FC814900B569A4 /* Debug */,
				8F2418A518FC814900B569A4 /* Release */,
			);
			defaultConfigurationIsVisible = 0;
			defaultConfigurationName = Release;
		};
		8F2418A618FC814900B569A4 /* Build configuration list for PBXNativeTarget "MayankJain" */ = {
			isa = XCConfigurationList;
			buildConfigurations = (
				8F2418A718FC814900B569A4 /* Debug */,
				8F2418A818FC814900B569A4 /* Release */,
			);
			defaultConfigurationIsVisible = 0;
			defaultConfigurationName = Release;
		};
		8F2418A918FC814900B569A4 /* Build configuration list for PBXNativeTarget "MayankJainTests" */ = {
			isa = XCConfigurationList;
			buildConfigurations = (
				8F2418AA18FC814900B569A4 /* Debug */,
				8F2418AB18FC814900B569A4 /* Release */,
			);
			defaultConfigurationIsVisible = 0;
			defaultConfigurationName = Release;
		};
/* End XCConfigurationList section */
	};
	rootObject = 8F24186C18FC814900B569A4 /* Project object */;
}
